
Microsoft Visual Studio Solution File, Format Version 12.00
# Visual Studio 15
Project("{FAE04EC0-301F-11D3-BF4B-00C04F79EFBC}") = "SimpleInput.Runtime", "SimpleInput.Runtime.csproj", "{67B5ED59-AAEF-7745-0D50-A57EC9EA5F59}"
EndProject
Project("{FAE04EC0-301F-11D3-BF4B-00C04F79EFBC}") = "Assembly-CSharp", "Assembly-CSharp.csproj", "{7EE0398D-BAFD-7AC9-6F21-D1AE23389012}"
EndProject
Project("{FAE04EC0-301F-11D3-BF4B-00C04F79EFBC}") = "AdjustPivot.Editor", "AdjustPivot.Editor.csproj", "{9C26A530-85A3-7289-1906-5CADD75A016C}"
EndProject
Project("{FAE04EC0-301F-11D3-BF4B-00C04F79EFBC}") = "SimpleInput.Editor", "SimpleInput.Editor.csproj", "{AD547A74-703A-5157-3FB4-B705679CE495}"
EndProject
Project("{FAE04EC0-301F-11D3-BF4B-00C04F79EFBC}") = "Assembly-CSharp-Editor", "Assembly-CSharp-Editor.csproj", "{578C7506-DD77-8B7A-9FD1-C59747A34750}"
EndProject
Global
	GlobalSection(SolutionConfigurationPlatforms) = preSolution
		Debug|Any CPU = Debug|Any CPU
		Release|Any CPU = Release|Any CPU
	EndGlobalSection
	GlobalSection(ProjectConfigurationPlatforms) = postSolution
		{67B5ED59-AAEF-7745-0D50-A57EC9EA5F59}.Debug|Any CPU.ActiveCfg = Debug|Any CPU
		{67B5ED59-AAEF-7745-0D50-A57EC9EA5F59}.Debug|Any CPU.Build.0 = Debug|Any CPU
		{67B5ED59-AAEF-7745-0D50-A57EC9EA5F59}.Release|Any CPU.ActiveCfg = Release|Any CPU
		{67B5ED59-AAEF-7745-0D50-A57EC9EA5F59}.Release|Any CPU.Build.0 = Release|Any CPU
		{7EE0398D-BAFD-7AC9-6F21-D1AE23389012}.Debug|Any CPU.ActiveCfg = Debug|Any CPU
		{7EE0398D-BAFD-7AC9-6F21-D1AE23389012}.Debug|Any CPU.Build.0 = Debug|Any CPU
		{7EE0398D-BAFD-7AC9-6F21-D1AE23389012}.Release|Any CPU.ActiveCfg = Release|Any CPU
		{7EE0398D-BAFD-7AC9-6F21-D1AE23389012}.Release|Any CPU.Build.0 = Release|Any CPU
		{9C26A530-85A3-7289-1906-5CADD75A016C}.Debug|Any CPU.ActiveCfg = Debug|Any CPU
		{9C26A530-85A3-7289-1906-5CADD75A016C}.Debug|Any CPU.Build.0 = Debug|Any CPU
		{9C26A530-85A3-7289-1906-5CADD75A016C}.Release|Any CPU.ActiveCfg = Release|Any CPU
		{9C26A530-85A3-7289-1906-5CADD75A016C}.Release|Any CPU.Build.0 = Release|Any CPU
		{AD547A74-703A-5157-3FB4-B705679CE495}.Debug|Any CPU.ActiveCfg = Debug|Any CPU
		{AD547A74-703A-5157-3FB4-B705679CE495}.Debug|Any CPU.Build.0 = Debug|Any CPU
		{AD547A74-703A-5157-3FB4-B705679CE495}.Release|Any CPU.ActiveCfg = Release|Any CPU
		{AD547A74-703A-5157-3FB4-B705679CE495}.Release|Any CPU.Build.0 = Release|Any CPU
		{578C7506-DD77-8B7A-9FD1-C59747A34750}.Debug|Any CPU.ActiveCfg = Debug|Any CPU
		{578C7506-DD77-8B7A-9FD1-C59747A34750}.Debug|Any CPU.Build.0 = Debug|Any CPU
		{578C7506-DD77-8B7A-9FD1-C59747A34750}.Release|Any CPU.ActiveCfg = Release|Any CPU
		{578C7506-DD77-8B7A-9FD1-C59747A34750}.Release|Any CPU.Build.0 = Release|Any CPU
	EndGlobalSection
	GlobalSection(SolutionProperties) = preSolution
		HideSolutionNode = FALSE
	EndGlobalSection
EndGlobal
